# THIS IS AN AUTOGENERATED FILE. DO NOT EDIT THIS FILE DIRECTLY.
# yarn lockfile v1


vscode-jsonrpc@^4.1.0-next.1:
  version "4.1.0-next.1"
  resolved "https://registry.yarnpkg.com/vscode-jsonrpc/-/vscode-jsonrpc-4.1.0-next.1.tgz#9b6598617f369de9f5acf5bac3b165b503f36934"
  integrity sha512-FzNkvHmg3GXpzZAlnGnpdRbQQX6LDRb0bvc+oxxjMUwIJ66kTO/DyeE2bwU0fsiOEGfsJTCzvjESVl368jZ0/g==

vscode-languageserver-protocol@3.15.0-next.4:
  version "3.15.0-next.4"
  resolved "https://registry.yarnpkg.com/vscode-languageserver-protocol/-/vscode-languageserver-protocol-3.15.0-next.4.tgz#b6a546bd7c376fb0297e9573d68d50996c21bcd9"
  integrity sha512-4AgisQ8GWa3irdRu3/UNr3brcSSm0oobmoV1eSOnV7JM32lYyXDnSKB7RuTTXvaAjD/0xQJLEGhkyGHS5gbywA==
  dependencies:
    vscode-jsonrpc "^4.1.0-next.1"
    vscode-languageserver-types "3.15.0-next.1"

vscode-languageserver-types@3.15.0-next.1:
  version "3.15.0-next.1"
  resolved "https://registry.yarnpkg.com/vscode-languageserver-types/-/vscode-languageserver-types-3.15.0-next.1.tgz#eddca4cf2a2547357006d4f0cc177ddc56043b65"
  integrity sha512-R0kzmaI8gOGEoU7b9huYQAzgZzRQ/5Q8HKjsIUdfz0MjXcBZ4tr1ik1So1p1O5kGrI1VTCd22Fw/wI7ECGoIPw==

vscode-languageserver@^5.3.0-next.4:
  version "5.3.0-next.5"
  resolved "https://registry.yarnpkg.com/vscode-languageserver/-/vscode-languageserver-5.3.0-next.5.tgz#42e65aa61f8288aa79b3c1a2fc3520ddd2851840"
  integrity sha512-PWZBhpO9bFr2oLCTHfM/0xkvmRFepYsZyxqht5HjEo4Lt+Pdw9QgCn0/z67rA4rJsJJX01QZ3kNqJaeQSdNz3g==
  dependencies:
    vscode-languageserver-protocol "3.15.0-next.4"
    vscode-uri "^1.0.6"

vscode-uri@^1.0.6:
  version "1.0.6"
  resolved "https://registry.yarnpkg.com/vscode-uri/-/vscode-uri-1.0.6.tgz#6b8f141b0bbc44ad7b07e94f82f168ac7608ad4d"
  integrity sha512-sLI2L0uGov3wKVb9EB+vIQBl9tVP90nqRvxSoJ35vI3NjxE8jfsE5DSOhWgSunHSZmKS4OCi2jrtfxK7uyp2ww==
