# THIS IS AN AUTOGENERATED FILE. DO NOT EDIT THIS FILE DIRECTLY.
# yarn lockfile v1


vscode-jsonrpc@^3.6.2:
  version "3.6.2"
  resolved "https://registry.yarnpkg.com/vscode-jsonrpc/-/vscode-jsonrpc-3.6.2.tgz#3b5eef691159a15556ecc500e9a8a0dd143470c8"

vscode-languageserver-protocol@^3.8.1:
  version "3.8.1"
  resolved "https://registry.yarnpkg.com/vscode-languageserver-protocol/-/vscode-languageserver-protocol-3.8.1.tgz#ee3ce042f7f49f559a6a552e3f505001fa565154"
  dependencies:
    vscode-jsonrpc "^3.6.2"
    vscode-languageserver-types "^3.8.1"

vscode-languageserver-types@^3.8.1:
  version "3.8.2"
  resolved "https://registry.yarnpkg.com/vscode-languageserver-types/-/vscode-languageserver-types-3.8.2.tgz#2550b8d852195328a735c56dbf4e72b8da31613f"

vscode-languageserver@^4.2.1:
  version "4.2.1"
  resolved "https://registry.yarnpkg.com/vscode-languageserver/-/vscode-languageserver-4.2.1.tgz#96b60785c299ba5eed22173a0f9cc64c8f5fda4d"
  dependencies:
    vscode-languageserver-protocol "^3.8.1"
    vscode-uri "^1.0.3"

vscode-uri@^1.0.3:
  version "1.0.5"
  resolved "https://registry.yarnpkg.com/vscode-uri/-/vscode-uri-1.0.5.tgz#3b899a8ef71c37f3054d79bdbdda31c7bf36f20d"
