# THIS IS AN AUTOGENERATED FILE. DO NOT EDIT THIS FILE DIRECTLY.
# yarn lockfile v1


vscode-jsonrpc@^4.1.0-next.2:
  version "4.1.0-next.2"
  resolved "https://registry.yarnpkg.com/vscode-jsonrpc/-/vscode-jsonrpc-4.1.0-next.2.tgz#3bd318910a48e631742b290975386e3dae685be3"
  integrity sha512-GsBLjP9DxQ42yl1mW9GEIlnSc0+R8mfzhaebwmmTPEJjezD5SPoAo3DFrIAFZha9yvQ1nzZfZlhtVpGQmgxtXg==

vscode-languageserver-protocol@^3.15.0-next.6:
  version "3.15.0-next.6"
  resolved "https://registry.yarnpkg.com/vscode-languageserver-protocol/-/vscode-languageserver-protocol-3.15.0-next.6.tgz#a8aeb7e7dd65da8216b386db59494cdfd3215d92"
  integrity sha512-/yDpYlWyNs26mM23mT73xmOFsh1iRfgZfBdHmfAxwDKwpQKLoOSqVidtYfxlK/pD3IEKGcAVnT4WXTsguxxAMQ==
  dependencies:
    vscode-jsonrpc "^4.1.0-next.2"
    vscode-languageserver-types "^3.15.0-next.2"

vscode-languageserver-types@^3.15.0-next.2:
  version "3.15.0-next.2"
  resolved "https://registry.yarnpkg.com/vscode-languageserver-types/-/vscode-languageserver-types-3.15.0-next.2.tgz#a0601332cdaafac21931f497bb080cfb8d73f254"
  integrity sha512-2JkrMWWUi2rlVLSo9OFR2PIGUzdiowEM8NgNYiwLKnXTjpwpjjIrJbNNxDik7Rv4oo9KtikcFQZKXbrKilL/MQ==

vscode-languageserver@^5.3.0-next.8:
  version "5.3.0-next.8"
  resolved "https://registry.yarnpkg.com/vscode-languageserver/-/vscode-languageserver-5.3.0-next.8.tgz#12a4adf60374dbb93e153e08bdca5525f9b2029f"
  integrity sha512-6vUb96wsRfrFqndril3gct/FBCSc24OxFZ2iz7kuEuXvLaIcEVOcSZIqQK8oFN7PdbAIaa9nnIpKSy4Yd15cIw==
  dependencies:
    vscode-languageserver-protocol "^3.15.0-next.6"
    vscode-textbuffer "^1.0.0"
    vscode-uri "^1.0.6"

vscode-textbuffer@^1.0.0:
  version "1.0.0"
  resolved "https://registry.yarnpkg.com/vscode-textbuffer/-/vscode-textbuffer-1.0.0.tgz#1faee638c8e0e4131c8d5c353993a1874acda086"
  integrity sha512-zPaHo4urgpwsm+PrJWfNakolRpryNja18SUip/qIIsfhuEqEIPEXMxHOlFPjvDC4JgTaimkncNW7UMXRJTY6ow==

vscode-uri@^1.0.6:
  version "1.0.8"
  resolved "https://registry.yarnpkg.com/vscode-uri/-/vscode-uri-1.0.8.tgz#9769aaececae4026fb6e22359cb38946580ded59"
  integrity sha512-obtSWTlbJ+a+TFRYGaUumtVwb+InIUVI0Lu0VBUAPmj2cU5JutEXg3xUE0c2J5Tcy7h2DEKVJBFi+Y9ZSFzzPQ==
